
Microsoft Visual Studio Solution File, Format Version 12.00
# Visual Studio Version 17
VisualStudioVersion = 17.3.32922.545
MinimumVisualStudioVersion = 10.0.40219.1
Project("{FAE04EC0-301F-11D3-BF4B-00C04F79EFBC}") = "MS_8laba", "MS_8laba\MS_8laba.csproj", "{EA48CD1C-36B4-45A3-B715-458DEEAD3B30}"
EndProject
Global
	GlobalSection(SolutionConfigurationPlatforms) = preSolution
		Debug|Any CPU = Debug|Any CPU
		Release|Any CPU = Release|Any CPU
	EndGlobalSection
	GlobalSection(ProjectConfigurationPlatforms) = postSolution
		{EA48CD1C-36B4-45A3-B715-458DEEAD3B30}.Debug|Any CPU.ActiveCfg = Debug|Any CPU
		{EA48CD1C-36B4-45A3-B715-458DEEAD3B30}.Debug|Any CPU.Build.0 = Debug|Any CPU
		{EA48CD1C-36B4-45A3-B715-458DEEAD3B30}.Release|Any CPU.ActiveCfg = Release|Any CPU
		{EA48CD1C-36B4-45A3-B715-458DEEAD3B30}.Release|Any CPU.Build.0 = Release|Any CPU
	EndGlobalSection
	GlobalSection(SolutionProperties) = preSolution
		HideSolutionNode = FALSE
	EndGlobalSection
	GlobalSection(ExtensibilityGlobals) = postSolution
		SolutionGuid = {41DCCBF6-C48F-4169-B61F-E26A77792D7A}
	EndGlobalSection
EndGlobal
